
Microsoft Visual Studio Solution File, Format Version 12.00
# Visual Studio Version 17
VisualStudioVersion = 17.1.32210.238
MinimumVisualStudioVersion = 10.0.40219.1
Project("{FAE04EC0-301F-11D3-BF4B-00C04F79EFBC}") = "EventLogWriterTest", "EventLogWriterTest\EventLogWriterTest.csproj", "{FF5104CC-064B-49CE-8163-2C6BA9FCE51B}"
EndProject
Global
	GlobalSection(SolutionConfigurationPlatforms) = preSolution
		Debug|Any CPU = Debug|Any CPU
		Release|Any CPU = Release|Any CPU
	EndGlobalSection
	GlobalSection(ProjectConfigurationPlatforms) = postSolution
		{FF5104CC-064B-49CE-8163-2C6BA9FCE51B}.Debug|Any CPU.ActiveCfg = Debug|Any CPU
		{FF5104CC-064B-49CE-8163-2C6BA9FCE51B}.Debug|Any CPU.Build.0 = Debug|Any CPU
		{FF5104CC-064B-49CE-8163-2C6BA9FCE51B}.Release|Any CPU.ActiveCfg = Release|Any CPU
		{FF5104CC-064B-49CE-8163-2C6BA9FCE51B}.Release|Any CPU.Build.0 = Release|Any CPU
	EndGlobalSection
	GlobalSection(SolutionProperties) = preSolution
		HideSolutionNode = FALSE
	EndGlobalSection
	GlobalSection(ExtensibilityGlobals) = postSolution
		SolutionGuid = {EC0DE2EB-4F1E-4C99-A505-3ECC8239ED9E}
	EndGlobalSection
EndGlobal
